
Microsoft Visual Studio Solution File, Format Version 12.00
# Visual Studio Version 17
VisualStudioVersion = 17.8.34309.116
MinimumVisualStudioVersion = 10.0.40219.1
Project("{FAE04EC0-301F-11D3-BF4B-00C04F79EFBC}") = "Converter.Android", "Converter.Android\Converter.Android.csproj", "{851C2AC3-7CD2-4913-9525-34AF0ACF10A7}"
EndProject
Project("{FAE04EC0-301F-11D3-BF4B-00C04F79EFBC}") = "Converter.iOS", "Converter.iOS\Converter.iOS.csproj", "{E51F5FA4-F3EF-416A-B883-D97E8D97FE20}"
EndProject
Project("{FAE04EC0-301F-11D3-BF4B-00C04F79EFBC}") = "Converter", "Converter\Converter.csproj", "{EACBB73B-F5B4-4043-B56C-BBE61D8BEDB5}"
EndProject
Global
	GlobalSection(SolutionConfigurationPlatforms) = preSolution
		Debug|Any CPU = Debug|Any CPU
		Debug|iPhone = Debug|iPhone
		Debug|iPhoneSimulator = Debug|iPhoneSimulator
		Release|Any CPU = Release|Any CPU
		Release|iPhone = Release|iPhone
		Release|iPhoneSimulator = Release|iPhoneSimulator
	EndGlobalSection
	GlobalSection(ProjectConfigurationPlatforms) = postSolution
		{851C2AC3-7CD2-4913-9525-34AF0ACF10A7}.Debug|Any CPU.ActiveCfg = Debug|Any CPU
		{851C2AC3-7CD2-4913-9525-34AF0ACF10A7}.Debug|Any CPU.Build.0 = Debug|Any CPU
		{851C2AC3-7CD2-4913-9525-34AF0ACF10A7}.Debug|Any CPU.Deploy.0 = Debug|Any CPU
		{851C2AC3-7CD2-4913-9525-34AF0ACF10A7}.Debug|iPhone.ActiveCfg = Debug|Any CPU
		{851C2AC3-7CD2-4913-9525-34AF0ACF10A7}.Debug|iPhone.Build.0 = Debug|Any CPU
		{851C2AC3-7CD2-4913-9525-34AF0ACF10A7}.Debug|iPhone.Deploy.0 = Debug|Any CPU
		{851C2AC3-7CD2-4913-9525-34AF0ACF10A7}.Debug|iPhoneSimulator.ActiveCfg = Debug|Any CPU
		{851C2AC3-7CD2-4913-9525-34AF0ACF10A7}.Debug|iPhoneSimulator.Build.0 = Debug|Any CPU
		{851C2AC3-7CD2-4913-9525-34AF0ACF10A7}.Debug|iPhoneSimulator.Deploy.0 = Debug|Any CPU
		{851C2AC3-7CD2-4913-9525-34AF0ACF10A7}.Release|Any CPU.ActiveCfg = Release|Any CPU
		{851C2AC3-7CD2-4913-9525-34AF0ACF10A7}.Release|Any CPU.Build.0 = Release|Any CPU
		{851C2AC3-7CD2-4913-9525-34AF0ACF10A7}.Release|Any CPU.Deploy.0 = Release|Any CPU
		{851C2AC3-7CD2-4913-9525-34AF0ACF10A7}.Release|iPhone.ActiveCfg = Release|Any CPU
		{851C2AC3-7CD2-4913-9525-34AF0ACF10A7}.Release|iPhone.Build.0 = Release|Any CPU
		{851C2AC3-7CD2-4913-9525-34AF0ACF10A7}.Release|iPhone.Deploy.0 = Release|Any CPU
		{851C2AC3-7CD2-4913-9525-34AF0ACF10A7}.Release|iPhoneSimulator.ActiveCfg = Release|Any CPU
		{851C2AC3-7CD2-4913-9525-34AF0ACF10A7}.Release|iPhoneSimulator.Build.0 = Release|Any CPU
		{851C2AC3-7CD2-4913-9525-34AF0ACF10A7}.Release|iPhoneSimulator.Deploy.0 = Release|Any CPU
		{E51F5FA4-F3EF-416A-B883-D97E8D97FE20}.Debug|Any CPU.ActiveCfg = Debug|iPhone
		{E51F5FA4-F3EF-416A-B883-D97E8D97FE20}.Debug|Any CPU.Build.0 = Debug|iPhone
		{E51F5FA4-F3EF-416A-B883-D97E8D97FE20}.Debug|Any CPU.Deploy.0 = Debug|iPhone
		{E51F5FA4-F3EF-416A-B883-D97E8D97FE20}.Debug|iPhone.ActiveCfg = Debug|iPhone
		{E51F5FA4-F3EF-416A-B883-D97E8D97FE20}.Debug|iPhone.Build.0 = Debug|iPhone
		{E51F5FA4-F3EF-416A-B883-D97E8D97FE20}.Debug|iPhone.Deploy.0 = Debug|iPhone
		{E51F5FA4-F3EF-416A-B883-D97E8D97FE20}.Debug|iPhoneSimulator.ActiveCfg = Debug|iPhoneSimulator
		{E51F5FA4-F3EF-416A-B883-D97E8D97FE20}.Debug|iPhoneSimulator.Build.0 = Debug|iPhoneSimulator
		{E51F5FA4-F3EF-416A-B883-D97E8D97FE20}.Debug|iPhoneSimulator.Deploy.0 = Debug|iPhoneSimulator
		{E51F5FA4-F3EF-416A-B883-D97E8D97FE20}.Release|Any CPU.ActiveCfg = Release|iPhoneSimulator
		{E51F5FA4-F3EF-416A-B883-D97E8D97FE20}.Release|Any CPU.Build.0 = Release|iPhoneSimulator
		{E51F5FA4-F3EF-416A-B883-D97E8D97FE20}.Release|Any CPU.Deploy.0 = Release|iPhoneSimulator
		{E51F5FA4-F3EF-416A-B883-D97E8D97FE20}.Release|iPhone.ActiveCfg = Release|iPhone
		{E51F5FA4-F3EF-416A-B883-D97E8D97FE20}.Release|iPhone.Build.0 = Release|iPhone
		{E51F5FA4-F3EF-416A-B883-D97E8D97FE20}.Release|iPhone.Deploy.0 = Release|iPhone
		{E51F5FA4-F3EF-416A-B883-D97E8D97FE20}.Release|iPhoneSimulator.ActiveCfg = Release|iPhoneSimulator
		{E51F5FA4-F3EF-416A-B883-D97E8D97FE20}.Release|iPhoneSimulator.Build.0 = Release|iPhoneSimulator
		{E51F5FA4-F3EF-416A-B883-D97E8D97FE20}.Release|iPhoneSimulator.Deploy.0 = Release|iPhoneSimulator
		{EACBB73B-F5B4-4043-B56C-BBE61D8BEDB5}.Debug|Any CPU.ActiveCfg = Debug|Any CPU
		{EACBB73B-F5B4-4043-B56C-BBE61D8BEDB5}.Debug|Any CPU.Build.0 = Debug|Any CPU
		{EACBB73B-F5B4-4043-B56C-BBE61D8BEDB5}.Debug|Any CPU.Deploy.0 = Debug|Any CPU
		{EACBB73B-F5B4-4043-B56C-BBE61D8BEDB5}.Debug|iPhone.ActiveCfg = Debug|Any CPU
		{EACBB73B-F5B4-4043-B56C-BBE61D8BEDB5}.Debug|iPhone.Build.0 = Debug|Any CPU
		{EACBB73B-F5B4-4043-B56C-BBE61D8BEDB5}.Debug|iPhone.Deploy.0 = Debug|Any CPU
		{EACBB73B-F5B4-4043-B56C-BBE61D8BEDB5}.Debug|iPhoneSimulator.ActiveCfg = Debug|Any CPU
		{EACBB73B-F5B4-4043-B56C-BBE61D8BEDB5}.Debug|iPhoneSimulator.Build.0 = Debug|Any CPU
		{EACBB73B-F5B4-4043-B56C-BBE61D8BEDB5}.Debug|iPhoneSimulator.Deploy.0 = Debug|Any CPU
		{EACBB73B-F5B4-4043-B56C-BBE61D8BEDB5}.Release|Any CPU.ActiveCfg = Release|Any CPU
		{EACBB73B-F5B4-4043-B56C-BBE61D8BEDB5}.Release|Any CPU.Build.0 = Release|Any CPU
		{EACBB73B-F5B4-4043-B56C-BBE61D8BEDB5}.Release|Any CPU.Deploy.0 = Release|Any CPU
		{EACBB73B-F5B4-4043-B56C-BBE61D8BEDB5}.Release|iPhone.ActiveCfg = Release|Any CPU
		{EACBB73B-F5B4-4043-B56C-BBE61D8BEDB5}.Release|iPhone.Build.0 = Release|Any CPU
		{EACBB73B-F5B4-4043-B56C-BBE61D8BEDB5}.Release|iPhone.Deploy.0 = Release|Any CPU
		{EACBB73B-F5B4-4043-B56C-BBE61D8BEDB5}.Release|iPhoneSimulator.ActiveCfg = Release|Any CPU
		{EACBB73B-F5B4-4043-B56C-BBE61D8BEDB5}.Release|iPhoneSimulator.Build.0 = Release|Any CPU
		{EACBB73B-F5B4-4043-B56C-BBE61D8BEDB5}.Release|iPhoneSimulator.Deploy.0 = Release|Any CPU
	EndGlobalSection
	GlobalSection(SolutionProperties) = preSolution
		HideSolutionNode = FALSE
	EndGlobalSection
	GlobalSection(ExtensibilityGlobals) = postSolution
		SolutionGuid = {B7EBF602-919A-48CE-A532-6B2A61CBB237}
	EndGlobalSection
EndGlobal
